{
  "name": "angular-cesium-library",
  "version": "0.0.1",
  "lockfileVersion": 1,
  "requires": true,
  "dependencies": {
    "cesium": {
      "version": "1.66.0",
      "resolved": "https://registry.npmjs.org/cesium/-/cesium-1.66.0.tgz",
      "integrity": "sha512-IcM+NpG5Gm4BbW9NLWkuL9SJ59tTQh8SsN8x6KYd4B1N36Y0kBtNKJPWpGe7H5thaaKm2QLKzJdjqmWyGNCTNA==",
      "requires": {
        "esm": "^3.2.25"
      }
    },
    "colors": {
      "version": "1.4.0",
      "resolved": "https://registry.npmjs.org/colors/-/colors-1.4.0.tgz",
      "integrity": "sha512-a+UqTh4kgZg/SlGvfbzDHpgRu7AAQOmmqRHJnxhRZICKFUT91brVhNNt58CMWU9PsBbv3PDCZUHbVxuDiH2mtA==",
      "dev": true
    },
    "esm": {
      "version": "3.2.25",
      "resolved": "https://registry.npmjs.org/esm/-/esm-3.2.25.tgz",
      "integrity": "sha512-U1suiZ2oDVWv4zPO56S0NcR5QriEahGtdN2OR6FiOG4WJvcjBVFB0qI4+eKoWFH483PKGuLuu6V8Z4T5g63UVA=="
    },
    "karma-junit-reporter": {
      "version": "2.0.1",
      "resolved": "https://registry.npmjs.org/karma-junit-reporter/-/karma-junit-reporter-2.0.1.tgz",
      "integrity": "sha512-VtcGfE0JE4OE1wn0LK8xxDKaTP7slN8DO3I+4xg6gAi1IoAHAXOJ1V9G/y45Xg6sxdxPOR3THCFtDlAfBo9Afw==",
      "dev": true,
      "requires": {
        "path-is-absolute": "^1.0.0",
        "xmlbuilder": "12.0.0"
      }
    },
    "karma-spec-reporter": {
      "version": "0.0.32",
      "resolved": "https://registry.npmjs.org/karma-spec-reporter/-/karma-spec-reporter-0.0.32.tgz",
      "integrity": "sha1-LpxyB+pyZ3EmAln4K+y1QyCeRAo=",
      "dev": true,
      "requires": {
        "colors": "^1.1.2"
      }
    },
    "path-is-absolute": {
      "version": "1.0.1",
      "resolved": "https://registry.npmjs.org/path-is-absolute/-/path-is-absolute-1.0.1.tgz",
      "integrity": "sha1-F0uSaHNVNP+8es5r9TpanhtcX18=",
      "dev": true
    },
    "xmlbuilder": {
      "version": "12.0.0",
      "resolved": "https://registry.npmjs.org/xmlbuilder/-/xmlbuilder-12.0.0.tgz",
      "integrity": "sha512-lMo8DJ8u6JRWp0/Y4XLa/atVDr75H9litKlb2E5j3V3MesoL50EBgZDWoLT3F/LztVnG67GjPXLZpqcky/UMnQ==",
      "dev": true
    }
  }
}
